// !$*UTF8*$!
{
	archiveVersion = 1;
	classes = {
	};
	objectVersion = 50;
	objects = {

/* Begin PBXBuildFile section */
		8D36D2A324A44DF300C449FF /* AppDelegate.swift in Sources */ = {isa = PBXBuildFile; fileRef = 8D36D2A224A44DF300C449FF /* AppDelegate.swift */; };
		8D36D2A524A44DF300C449FF /* SceneDelegate.swift in Sources */ = {isa = PBXBuildFile; fileRef = 8D36D2A424A44DF300C449FF /* SceneDelegate.swift */; };
		8D36D2A724A44DF300C449FF /* ViewController.swift in Sources */ = {isa = PBXBuildFile; fileRef = 8D36D2A624A44DF300C449FF /* ViewController.swift */; };
		8D36D2AA24A44DF300C449FF /* Main.storyboard in Resources */ = {isa = PBXBuildFile; fileRef = 8D36D2A824A44DF300C449FF /* Main.storyboard */; };
		8D36D2AC24A44DF500C449FF /* Assets.xcassets in Resources */ = {isa = PBXBuildFile; fileRef = 8D36D2AB24A44DF500C449FF /* Assets.xcassets */; };
		8D36D2AF24A44DF500C449FF /* LaunchScreen.storyboard in Resources */ = {isa = PBXBuildFile; fileRef = 8D36D2AD24A44DF500C449FF /* LaunchScreen.storyboard */; };
/* End PBXBuildFile section */

/* Begin PBXFileReference section */
		8D36D29F24A44DF300C449FF /* TestCustomTransitions.app */ = {isa = PBXFileReference; explicitFileType = wrapper.application; includeInIndex = 0; path = TestCustomTransitions.app; sourceTree = BUILT_PRODUCTS_DIR; };
		8D36D2A224A44DF300C449FF /* AppDelegate.swift */ = {isa = PBXFileReference; lastKnownFileType = sourcecode.swift; path = AppDelegate.swift; sourceTree = "<group>"; };
		8D36D2A424A44DF300C449FF /* SceneDelegate.swift */ = {isa = PBXFileReference; lastKnownFileType = sourcecode.swift; path = SceneDelegate.swift; sourceTree = "<group>"; };
		8D36D2A624A44DF300C449FF /* ViewController.swift */ = {isa = PBXFileReference; lastKnownFileType = sourcecode.swift; path = ViewController.swift; sourceTree = "<group>"; };
		8D36D2A924A44DF300C449FF /* Base */ = {isa = PBXFileReference; lastKnownFileType = file.storyboard; name = Base; path = Base.lproj/Main.storyboard; sourceTree = "<group>"; };
		8D36D2AB24A44DF500C449FF /* Assets.xcassets */ = {isa = PBXFileReference; lastKnownFileType = folder.assetcatalog; path = Assets.xcassets; sourceTree = "<group>"; };
		8D36D2AE24A44DF500C449FF /* Base */ = {isa = PBXFileReference; lastKnownFileType = file.storyboard; name = Base; path = Base.lproj/LaunchScreen.storyboard; sourceTree = "<group>"; };
		8D36D2B024A44DF500C449FF /* Info.plist */ = {isa = PBXFileReference; lastKnownFileType = text.plist.xml; path = Info.plist; sourceTree = "<group>"; };
/* End PBXFileReference section */

/* Begin PBXFrameworksBuildPhase section */
		8D36D29C24A44DF300C449FF /* Frameworks */ = {
			isa = PBXFrameworksBuildPhase;
			buildActionMask = 2147483647;
			files = (
			);
			runOnlyForDeploymentPostprocessing = 0;
		};
/* End PBXFrameworksBuildPhase section */

/* Begin PBXGroup section */
		8D36D29624A44DF300C449FF = {
			isa = PBXGroup;
			children = (
				8D36D2A124A44DF300C449FF /* TestCustomTransitions */,
				8D36D2A024A44DF300C449FF /* Products */,
			);
			sourceTree = "<group>";
		};
		8D36D2A024A44DF300C449FF /* Products */ = {
			isa = PBXGroup;
			children = (
				8D36D29F24A44DF300C449FF /* TestCustomTransitions.app */,
			);
			name = Products;
			sourceTree = "<group>";
		};
		8D36D2A124A44DF300C449FF /* TestCustomTransitions */ = {
			isa = PBXGroup;
			children = (
				8D36D2A224A44DF300C449FF /* AppDelegate.swift */,
				8D36D2A424A44DF300C449FF /* SceneDelegate.swift */,
				8D36D2A624A44DF300C449FF /* ViewController.swift */,
				8D36D2A824A44DF300C449FF /* Main.storyboard */,
				8D36D2AB24A44DF500C449FF /* Assets.xcassets */,
				8D36D2AD24A44DF500C449FF /* LaunchScreen.storyboard */,
				8D36D2B024A44DF500C449FF /* Info.plist */,
			);
			path = TestCustomTransitions;
			sourceTree = "<group>";
		};
/* End PBXGroup section */

/* Begin PBXNativeTarget section */
		8D36D29E24A44DF300C449FF /* TestCustomTransitions */ = {
			isa = PBXNativeTarget;
			buildConfigurationList = 8D36D2B324A44DF500C449FF /* Build configuration list for PBXNativeTarget "TestCustomTransitions" */;
			buildPhases = (
				8D36D29B24A44DF300C449FF /* Sources */,
				8D36D29C24A44DF300C449FF /* Frameworks */,
				8D36D29D24A44DF300C449FF /* Resources */,
			);
			buildRules = (
			);
			dependencies = (
			);
			name = TestCustomTransitions;
			productName = TestCustomTransitions;
			productReference = 8D36D29F24A44DF300C449FF /* TestCustomTransitions.app */;
			productType = "com.apple.product-type.application";
		};
/* End PBXNativeTarget section */

/* Begin PBXProject section */
		8D36D29724A44DF300C449FF /* Project object */ = {
			isa = PBXProject;
			attributes = {
				LastSwiftUpdateCheck = 1150;
				LastUpgradeCheck = 1150;
				ORGANIZATIONNAME = "福山帆士";
				TargetAttributes = {
					8D36D29E24A44DF300C449FF = {
						CreatedOnToolsVersion = 11.5;
					};
				};
			};
			buildConfigurationList = 8D36D29A24A44DF300C449FF /* Build configuration list for PBXProject "TestCustomTransitions" */;
			compatibilityVersion = "Xcode 9.3";
			developmentRegion = en;
			hasScannedForEncodings = 0;
			knownRegions = (
				en,
				Base,
			);
			mainGroup = 8D36D29624A44DF300C449FF;
			productRefGroup = 8D36D2A024A44DF300C449FF /* Products */;
			projectDirPath = "";
			projectRoot = "";
			targets = (
				8D36D29E24A44DF300C449FF /* TestCustomTransitions */,
			);
		};
/* End PBXProject section */

/* Begin PBXResourcesBuildPhase section */
		8D36D29D24A44DF300C449FF /* Resources */ = {
			isa = PBXResourcesBuildPhase;
			buildActionMask = 2147483647;
			files = (
				8D36D2AF24A44DF500C449FF /* LaunchScreen.storyboard in Resources */,
				8D36D2AC24A44DF500C449FF /* Assets.xcassets in Resources */,
				8D36D2AA24A44DF300C449FF /* Main.storyboard in Resources */,
			);
			runOnlyForDeploymentPostprocessing = 0;
		};
/* End PBXResourcesBuildPhase section */

/* Begin PBXSourcesBuildPhase section */
		8D36D29B24A44DF300C449FF /* Sources */ = {
			isa = PBXSourcesBuildPhase;
			buildActionMask = 2147483647;
			files = (
				8D36D2A724A44DF300C449FF /* ViewController.swift in Sources */,
				8D36D2A324A44DF300C449FF /* AppDelegate.swift in Sources */,
				8D36D2A524A44DF300C449FF /* SceneDelegate.swift in Sources */,
			);
			runOnlyForDeploymentPostprocessing = 0;
		};
/* End PBXSourcesBuildPhase section */

/* Begin PBXVariantGroup section */
		8D36D2A824A44DF300C449FF /* Main.storyboard */ = {
			isa = PBXVariantGroup;
			children = (
				8D36D2A924A44DF300C449FF /* Base */,
			);
			name = Main.storyboard;
			sourceTree = "<group>";
		};
		8D36D2AD24A44DF500C449FF /* LaunchScreen.storyboard */ = {
			isa = PBXVariantGroup;
			children = (
				8D36D2AE24A44DF500C449FF /* Base */,
			);
			name = LaunchScreen.storyboard;
			sourceTree = "<group>";
		};
/* End PBXVariantGroup section */

/* Begin XCBuildConfiguration section */
		8D36D2B124A44DF500C449FF /* Debug */ = {
			isa = XCBuildConfiguration;
			buildSettings = {
				ALWAYS_SEARCH_USER_PATHS = NO;
				CLANG_ANALYZER_NONNULL = YES;
				CLANG_ANALYZER_NUMBER_OBJECT_CONVERSION = YES_AGGRESSIVE;
				CLANG_CXX_LANGUAGE_STANDARD = "gnu++14";
				CLANG_CXX_LIBRARY = "libc++";
				CLANG_ENABLE_MODULES = YES;
				CLANG_ENABLE_OBJC_ARC = YES;
				CLANG_ENABLE_OBJC_WEAK = YES;
				CLANG_WARN_BLOCK_CAPTURE_AUTORELEASING = YES;
				CLANG_WARN_BOOL_CONVERSION = YES;
				CLANG_WARN_COMMA = YES;
				CLANG_WARN_CONSTANT_CONVERSION = YES;
				CLANG_WARN_DEPRECATED_OBJC_IMPLEMENTATIONS = YES;
				CLANG_WARN_DIRECT_OBJC_ISA_USAGE = YES_ERROR;
				CLANG_WARN_DOCUMENTATION_COMMENTS = YES;
				CLANG_WARN_EMPTY_BODY = YES;
				CLANG_WARN_ENUM_CONVERSION = YES;
				CLANG_WARN_INFINITE_RECURSION = YES;
				CLANG_WARN_INT_CONVERSION = YES;
				CLANG_WARN_NON_LITERAL_NULL_CONVERSION = YES;
				CLANG_WARN_OBJC_IMPLICIT_RETAIN_SELF = YES;
				CLANG_WARN_OBJC_LITERAL_CONVERSION = YES;
				CLANG_WARN_OBJC_ROOT_CLASS = YES_ERROR;
				CLANG_WARN_RANGE_LOOP_ANALYSIS = YES;
				CLANG_WARN_STRICT_PROTOTYPES = YES;
				CLANG_WARN_SUSPICIOUS_MOVE = YES;
				CLANG_WARN_UNGUARDED_AVAILABILITY = YES_AGGRESSIVE;
				CLANG_WARN_UNREACHABLE_CODE = YES;
				CLANG_WARN__DUPLICATE_METHOD_MATCH = YES;
				COPY_PHASE_STRIP = NO;
				DEBUG_INFORMATION_FORMAT = dwarf;
				ENABLE_STRICT_OBJC_MSGSEND = YES;
				ENABLE_TESTABILITY = YES;
				GCC_C_LANGUAGE_STANDARD = gnu11;
				GCC_DYNAMIC_NO_PIC = NO;
				GCC_NO_COMMON_BLOCKS = YES;
				GCC_OPTIMIZATION_LEVEL = 0;
				GCC_PREPROCESSOR_DEFINITIONS = (
					"DEBUG=1",
					"$(inherited)",
				);
				GCC_WARN_64_TO_32_BIT_CONVERSION = YES;
				GCC_WARN_ABOUT_RETURN_TYPE = YES_ERROR;
				GCC_WARN_UNDECLARED_SELECTOR = YES;
				GCC_WARN_UNINITIALIZED_AUTOS = YES_AGGRESSIVE;
				GCC_WARN_UNUSED_FUNCTION = YES;
				GCC_WARN_UNUSED_VARIABLE = YES;
				IPHONEOS_DEPLOYMENT_TARGET = 13.5;
				MTL_ENABLE_DEBUG_INFO = INCLUDE_SOURCE;
				MTL_FAST_MATH = YES;
				ONLY_ACTIVE_ARCH = YES;
				SDKROOT = iphoneos;
				SWIFT_ACTIVE_COMPILATION_CONDITIONS = DEBUG;
				SWIFT_OPTIMIZATION_LEVEL = "-Onone";
			};
			name = Debug;
		};
		8D36D2B224A44DF500C449FF /* Release */ = {
			isa = XCBuildConfiguration;
			buildSettings = {
				ALWAYS_SEARCH_USER_PATHS = NO;
				CLANG_ANALYZER_NONNULL = YES;
				CLANG_ANALYZER_NUMBER_OBJECT_CONVERSION = YES_AGGRESSIVE;
				CLANG_CXX_LANGUAGE_STANDARD = "gnu++14";
				CLANG_CXX_LIBRARY = "libc++";
				CLANG_ENABLE_MODULES = YES;
				CLANG_ENABLE_OBJC_ARC = YES;
				CLANG_ENABLE_OBJC_WEAK = YES;
				CLANG_WARN_BLOCK_CAPTURE_AUTORELEASING = YES;
				CLANG_WARN_BOOL_CONVERSION = YES;
				CLANG_WARN_COMMA = YES;
				CLANG_WARN_CONSTANT_CONVERSION = YES;
				CLANG_WARN_DEPRECATED_OBJC_IMPLEMENTATIONS = YES;
				CLANG_WARN_DIRECT_OBJC_ISA_USAGE = YES_ERROR;
				CLANG_WARN_DOCUMENTATION_COMMENTS = YES;
				CLANG_WARN_EMPTY_BODY = YES;
				CLANG_WARN_ENUM_CONVERSION = YES;
				CLANG_WARN_INFINITE_RECURSION = YES;
				CLANG_WARN_INT_CONVERSION = YES;
				CLANG_WARN_NON_LITERAL_NULL_CONVERSION = YES;
				CLANG_WARN_OBJC_IMPLICIT_RETAIN_SELF = YES;
				CLANG_WARN_OBJC_LITERAL_CONVERSION = YES;
				CLANG_WARN_OBJC_ROOT_CLASS = YES_ERROR;
				CLANG_WARN_RANGE_LOOP_ANALYSIS = YES;
				CLANG_WARN_STRICT_PROTOTYPES = YES;
				CLANG_WARN_SUSPICIOUS_MOVE = YES;
				CLANG_WARN_UNGUARDED_AVAILABILITY = YES_AGGRESSIVE;
				CLANG_WARN_UNREACHABLE_CODE = YES;
				CLANG_WARN__DUPLICATE_METHOD_MATCH = YES;
				COPY_PHASE_STRIP = NO;
				DEBUG_INFORMATION_FORMAT = "dwarf-with-dsym";
				ENABLE_NS_ASSERTIONS = NO;
				ENABLE_STRICT_OBJC_MSGSEND = YES;
				GCC_C_LANGUAGE_STANDARD = gnu11;
				GCC_NO_COMMON_BLOCKS = YES;
				GCC_WARN_64_TO_32_BIT_CONVERSION = YES;
				GCC_WARN_ABOUT_RETURN_TYPE = YES_ERROR;
				GCC_WARN_UNDECLARED_SELECTOR = YES;
				GCC_WARN_UNINITIALIZED_AUTOS = YES_AGGRESSIVE;
				GCC_WARN_UNUSED_FUNCTION = YES;
				GCC_WARN_UNUSED_VARIABLE = YES;
				IPHONEOS_DEPLOYMENT_TARGET = 13.5;
				MTL_ENABLE_DEBUG_INFO = NO;
				MTL_FAST_MATH = YES;
				SDKROOT = iphoneos;
				SWIFT_COMPILATION_MODE = wholemodule;
				SWIFT_OPTIMIZATION_LEVEL = "-O";
				VALIDATE_PRODUCT = YES;
			};
			name = Release;
		};
		8D36D2B424A44DF500C449FF /* Debug */ = {
			isa = XCBuildConfiguration;
			buildSettings = {
				ASSETCATALOG_COMPILER_APPICON_NAME = AppIcon;
				CODE_SIGN_STYLE = Automatic;
				DEVELOPMENT_TEAM = 892RDRHR25;
				INFOPLIST_FILE = TestCustomTransitions/Info.plist;
				LD_RUNPATH_SEARCH_PATHS = (
					"$(inherited)",
					"@executable_path/Frameworks",
				);
				PRODUCT_BUNDLE_IDENTIFIER = hoshi.fukuyama.TestCustomTransitions;
				PRODUCT_NAME = "$(TARGET_NAME)";
				SWIFT_VERSION = 5.0;
				TARGETED_DEVICE_FAMILY = "1,2";
			};
			name = Debug;
		};
		8D36D2B524A44DF500C449FF /* Release */ = {
			isa = XCBuildConfiguration;
			buildSettings = {
				ASSETCATALOG_COMPILER_APPICON_NAME = AppIcon;
				CODE_SIGN_STYLE = Automatic;
				DEVELOPMENT_TEAM = 892RDRHR25;
				INFOPLIST_FILE = TestCustomTransitions/Info.plist;
				LD_RUNPATH_SEARCH_PATHS = (
					"$(inherited)",
					"@executable_path/Frameworks",
				);
				PRODUCT_BUNDLE_IDENTIFIER = hoshi.fukuyama.TestCustomTransitions;
				PRODUCT_NAME = "$(TARGET_NAME)";
				SWIFT_VERSION = 5.0;
				TARGETED_DEVICE_FAMILY = "1,2";
			};
			name = Release;
		};
/* End XCBuildConfiguration section */

/* Begin XCConfigurationList section */
		8D36D29A24A44DF300C449FF /* Build configuration list for PBXProject "TestCustomTransitions" */ = {
			isa = XCConfigurationList;
			buildConfigurations = (
				8D36D2B124A44DF500C449FF /* Debug */,
				8D36D2B224A44DF500C449FF /* Release */,
			);
			defaultConfigurationIsVisible = 0;
			defaultConfigurationName = Release;
		};
		8D36D2B324A44DF500C449FF /* Build configuration list for PBXNativeTarget "TestCustomTransitions" */ = {
			isa = XCConfigurationList;
			buildConfigurations = (
				8D36D2B424A44DF500C449FF /* Debug */,
				8D36D2B524A44DF500C449FF /* Release */,
			);
			defaultConfigurationIsVisible = 0;
			defaultConfigurationName = Release;
		};
/* End XCConfigurationList section */
	};
	rootObject = 8D36D29724A44DF300C449FF /* Project object */;
}
